# This file is autogenerated, do not edit; changes may be undone by the next 'dep ensure'.


[[projects]]
  branch = "master"
  digest = "1:47148da19295af366b9e1cbbf30b0dd3e861aa3323fcbaa0b3e1608e95c19982"
  name = "github.com/bitrise-io/go-utils"
  packages = [
    "colorstring",
    "fileutil",
    "log",
    "pathutil",
  ]
  pruneopts = "UT"
  revision = "2a09aab8380d7842750328aebd5671bcccea89c8"

[[projects]]
  branch = "master"
  digest = "1:93cd9fb0bce4663e1789e43b4b507808a5810ac4e0793f99f5db78d9e13204f7"
  name = "github.com/bitrise-tools/xcode-project"
  packages = ["pretty"]
  pruneopts = "UT"
  revision = "fa60a59db68493e9e756aa4bbee18966dc1dc9a0"

[[projects]]
  digest = "1:76dc72490af7174349349838f2fe118996381b31ea83243812a97e5a0fd5ed55"
  name = "github.com/dgrijalva/jwt-go"
  packages = ["."]
  pruneopts = "UT"
  revision = "06ea1031745cb8b3dab3f6a236daf2b0aa468b7e"
  version = "v3.2.0"

[[projects]]
  digest = "1:a63cff6b5d8b95638bfe300385d93b2a6d9d687734b863da8e09dc834510a690"
  name = "github.com/google/go-querystring"
  packages = ["query"]
  pruneopts = "UT"
  revision = "44c6ddd0a2342c386950e880b658017258da92fc"
  version = "v1.0.0"

[solve-meta]
  analyzer-name = "dep"
  analyzer-version = 1
  input-imports = [
    "github.com/bitrise-io/go-utils/fileutil",
    "github.com/bitrise-io/go-utils/log",
    "github.com/bitrise-tools/xcode-project/pretty",
    "github.com/dgrijalva/jwt-go",
    "github.com/google/go-querystring/query",
  ]
  solver-name = "gps-cdcl"
  solver-version = 1
